NeoBundleLock emmet-vim 0ccaa29dbde268888be21705b0de5de89b59ef48
NeoBundleLock html5.vim ad38231df6845562f569512fd250c5660aadeb64
NeoBundleLock neobundle.vim 3422a4f70cc6170173afee487621fd5400cd9ca5
NeoBundleLock neocomplete 33ef6422753f469bdebfa23184b02a05b348cb33
NeoBundleLock neosnippet 76c6bbc54eebc9c351bf5eb311f4c2602a1c825f
NeoBundleLock neosnippet-snippets a444952e7bfc1443815dde9ab72a2e2b843e5d20
NeoBundleLock nerdtree 4ebbb533c3faf2c480211db2b547972bb3b60f2b
NeoBundleLock open-browser.vim fcbdcc938513a30ab8f4271ee99149ac3ce5b9bf
NeoBundleLock powerline 7ed55bb25c8d9ab3f96d63e83d11772c2fd07c9e
NeoBundleLock previm b130f24277e3c6a5afa3984921516b0a83b31d28
NeoBundleLock tcomment_vim 8955e2ee67194de3b6b763b7f01e3c164411c0e6
NeoBundleLock unite.vim 0022b2294ca0b8b434db07187b7f0a4781d01399
NeoBundleLock vim-css3-syntax 085e6994ed2c6e045d9d63e6b3dbfcd911f89216
NeoBundleLock vim-indent-guides 49bde6fa30648345ffabfe55b3a095a293568a2e
NeoBundleLock vim-javascript-syntax e7b2c327d4e7311097e7cd68f0e54f65e3a7be1a
NeoBundleLock vim-markdown 13c2fa4a130e0c350cd8332444b652890ae89517
NeoBundleLock vim-surround 2d05440ad23f97a7874ebd9b5de3a0e65d25d85c
NeoBundleLock vim-trailing-whitespace 478b217d299b6f5938b43a4929d6bb0907cc3a56
